
Microsoft Visual Studio Solution File, Format Version 12.00
# Visual Studio Version 17
VisualStudioVersion = 17.1.32210.238
MinimumVisualStudioVersion = 10.0.40219.1
Project("{2150E333-8FDC-42A3-9474-1A3956D46DE8}") = "src", "src", "{0A233D71-DEEE-4028-9CC0-1921F9E56882}"
EndProject
Project("{2150E333-8FDC-42A3-9474-1A3956D46DE8}") = "Core", "Core", "{9AAE552A-683C-47DF-AC9D-69DC901A6B78}"
EndProject
Project("{2150E333-8FDC-42A3-9474-1A3956D46DE8}") = "Infrastructure", "Infrastructure", "{EE66DEEA-79C7-4833-89BF-E6E782AE6B5D}"
EndProject
Project("{2150E333-8FDC-42A3-9474-1A3956D46DE8}") = "Presentation", "Presentation", "{77D2D065-1378-4D8B-A4C3-355039D5BE7D}"
EndProject
Project("{9A19103F-16F7-4668-BE54-9A1E7A4F7556}") = "CQRS.BankAPI.Application", "CQRS.BankAPI.Application\CQRS.BankAPI.Application.csproj", "{116ED1D6-4F58-42DD-9139-6D4278C9A332}"
EndProject
Project("{9A19103F-16F7-4668-BE54-9A1E7A4F7556}") = "CQRS.BankAPI.Domain", "CQRS.BankAPI.Domain\CQRS.BankAPI.Domain.csproj", "{F0D295CF-80E3-4754-9F40-3B9251D2E045}"
EndProject
Project("{9A19103F-16F7-4668-BE54-9A1E7A4F7556}") = "CQRS.BankAPI.Persistence", "CQRS.BankAPI.Persistence\CQRS.BankAPI.Persistence.csproj", "{CA7EC958-90BF-4121-B701-03F3CC8702DD}"
EndProject
Project("{9A19103F-16F7-4668-BE54-9A1E7A4F7556}") = "CQRS.BankAPI.Shared", "CQRS.BankAPI.Shared\CQRS.BankAPI.Shared.csproj", "{C46B59DE-D0EB-4123-999D-FC42A688E7AB}"
EndProject
Project("{9A19103F-16F7-4668-BE54-9A1E7A4F7556}") = "CQRS.BankAPI.WebAPI", "CQRS.BankAPI.WebAPI\CQRS.BankAPI.WebAPI.csproj", "{C2998B10-6002-4593-8288-8FC8B2C5024C}"
EndProject
Project("{FAE04EC0-301F-11D3-BF4B-00C04F79EFBC}") = "CQRS.BankAPI.Identity", "CQRS.BankAPI.Identity\CQRS.BankAPI.Identity.csproj", "{33E31B92-D53D-4B29-88D8-1F4124BD12FE}"
EndProject
Global
	GlobalSection(SolutionConfigurationPlatforms) = preSolution
		Debug|Any CPU = Debug|Any CPU
		Release|Any CPU = Release|Any CPU
	EndGlobalSection
	GlobalSection(ProjectConfigurationPlatforms) = postSolution
		{116ED1D6-4F58-42DD-9139-6D4278C9A332}.Debug|Any CPU.ActiveCfg = Debug|Any CPU
		{116ED1D6-4F58-42DD-9139-6D4278C9A332}.Debug|Any CPU.Build.0 = Debug|Any CPU
		{116ED1D6-4F58-42DD-9139-6D4278C9A332}.Release|Any CPU.ActiveCfg = Release|Any CPU
		{116ED1D6-4F58-42DD-9139-6D4278C9A332}.Release|Any CPU.Build.0 = Release|Any CPU
		{F0D295CF-80E3-4754-9F40-3B9251D2E045}.Debug|Any CPU.ActiveCfg = Debug|Any CPU
		{F0D295CF-80E3-4754-9F40-3B9251D2E045}.Debug|Any CPU.Build.0 = Debug|Any CPU
		{F0D295CF-80E3-4754-9F40-3B9251D2E045}.Release|Any CPU.ActiveCfg = Release|Any CPU
		{F0D295CF-80E3-4754-9F40-3B9251D2E045}.Release|Any CPU.Build.0 = Release|Any CPU
		{CA7EC958-90BF-4121-B701-03F3CC8702DD}.Debug|Any CPU.ActiveCfg = Debug|Any CPU
		{CA7EC958-90BF-4121-B701-03F3CC8702DD}.Debug|Any CPU.Build.0 = Debug|Any CPU
		{CA7EC958-90BF-4121-B701-03F3CC8702DD}.Release|Any CPU.ActiveCfg = Release|Any CPU
		{CA7EC958-90BF-4121-B701-03F3CC8702DD}.Release|Any CPU.Build.0 = Release|Any CPU
		{C46B59DE-D0EB-4123-999D-FC42A688E7AB}.Debug|Any CPU.ActiveCfg = Debug|Any CPU
		{C46B59DE-D0EB-4123-999D-FC42A688E7AB}.Debug|Any CPU.Build.0 = Debug|Any CPU
		{C46B59DE-D0EB-4123-999D-FC42A688E7AB}.Release|Any CPU.ActiveCfg = Release|Any CPU
		{C46B59DE-D0EB-4123-999D-FC42A688E7AB}.Release|Any CPU.Build.0 = Release|Any CPU
		{C2998B10-6002-4593-8288-8FC8B2C5024C}.Debug|Any CPU.ActiveCfg = Debug|Any CPU
		{C2998B10-6002-4593-8288-8FC8B2C5024C}.Debug|Any CPU.Build.0 = Debug|Any CPU
		{C2998B10-6002-4593-8288-8FC8B2C5024C}.Release|Any CPU.ActiveCfg = Release|Any CPU
		{C2998B10-6002-4593-8288-8FC8B2C5024C}.Release|Any CPU.Build.0 = Release|Any CPU
		{33E31B92-D53D-4B29-88D8-1F4124BD12FE}.Debug|Any CPU.ActiveCfg = Debug|Any CPU
		{33E31B92-D53D-4B29-88D8-1F4124BD12FE}.Debug|Any CPU.Build.0 = Debug|Any CPU
		{33E31B92-D53D-4B29-88D8-1F4124BD12FE}.Release|Any CPU.ActiveCfg = Release|Any CPU
		{33E31B92-D53D-4B29-88D8-1F4124BD12FE}.Release|Any CPU.Build.0 = Release|Any CPU
	EndGlobalSection
	GlobalSection(SolutionProperties) = preSolution
		HideSolutionNode = FALSE
	EndGlobalSection
	GlobalSection(NestedProjects) = preSolution
		{9AAE552A-683C-47DF-AC9D-69DC901A6B78} = {0A233D71-DEEE-4028-9CC0-1921F9E56882}
		{EE66DEEA-79C7-4833-89BF-E6E782AE6B5D} = {0A233D71-DEEE-4028-9CC0-1921F9E56882}
		{77D2D065-1378-4D8B-A4C3-355039D5BE7D} = {0A233D71-DEEE-4028-9CC0-1921F9E56882}
		{116ED1D6-4F58-42DD-9139-6D4278C9A332} = {9AAE552A-683C-47DF-AC9D-69DC901A6B78}
		{F0D295CF-80E3-4754-9F40-3B9251D2E045} = {9AAE552A-683C-47DF-AC9D-69DC901A6B78}
		{CA7EC958-90BF-4121-B701-03F3CC8702DD} = {EE66DEEA-79C7-4833-89BF-E6E782AE6B5D}
		{C46B59DE-D0EB-4123-999D-FC42A688E7AB} = {EE66DEEA-79C7-4833-89BF-E6E782AE6B5D}
		{C2998B10-6002-4593-8288-8FC8B2C5024C} = {77D2D065-1378-4D8B-A4C3-355039D5BE7D}
		{33E31B92-D53D-4B29-88D8-1F4124BD12FE} = {EE66DEEA-79C7-4833-89BF-E6E782AE6B5D}
	EndGlobalSection
	GlobalSection(ExtensibilityGlobals) = postSolution
		SolutionGuid = {43C6A1CB-9A3E-4D59-9EAC-5CF9CD5B8DC4}
	EndGlobalSection
EndGlobal
